{
    "version": 3,
    "terraform_version": "0.11.11",
    "serial": 10,
    "lineage": "67be1f70-5a92-87e8-ca4f-36e905cab909",
    "modules": [
        {
            "path": [
                "root"
            ],
            "outputs": {},
            "resources": {},
            "depends_on": []
        },
        {
            "path": [
                "root",
                "vpc"
            ],
            "outputs": {
                "admin_key_name": {
                    "sensitive": false,
                    "type": "string",
                    "value": "cloudschool"
                },
                "environment": {
                    "sensitive": false,
                    "type": "string",
                    "value": "cloudschool"
                },
                "vpc_cidr": {
                    "sensitive": false,
                    "type": "string",
                    "value": "172.18.0.0/18"
                },
                "vpc_id": {
                    "sensitive": false,
                    "type": "string",
                    "value": "vpc-0c668f68615ec63e0"
                }
            },
            "resources": {
                "aws_internet_gateway.vpc": {
                    "type": "aws_internet_gateway",
                    "depends_on": [
                        "aws_vpc.vpc"
                    ],
                    "primary": {
                        "id": "igw-0834be5fa419de7b6",
                        "attributes": {
                            "id": "igw-0834be5fa419de7b6",
                            "owner_id": "931733775016",
                            "tags.%": "0",
                            "vpc_id": "vpc-0c668f68615ec63e0"
                        },
                        "meta": {},
                        "tainted": false
                    },
                    "deposed": [],
                    "provider": "module.vpc.provider.aws"
                },
                "aws_key_pair.admin_key": {
                    "type": "aws_key_pair",
                    "depends_on": [],
                    "primary": {
                        "id": "cloudschool",
                        "attributes": {
                            "fingerprint": "da:79:9b:a1:84:36:64:d0:33:a5:39:1e:f3:db:24:c5",
                            "id": "cloudschool",
                            "key_name": "cloudschool",
                            "public_key": "ssh-rsa AAAAB3NzaC1yc2EAAAADAQABAAABAQC8rbACcMC1+ksBo7cIfb9d3TxCMBNnrJ7br6uTDC/tF8QMpfU9rOMr7Gv43EYhap0TeIhvn/uZ895ILMDNmG0mLTZUCQZctskAVsiZBx/2G5zeAQ6Ui8sw+5Fl7u7si1WGamMvqBbBJP+O+meJioC1clSAXEc2bgeR8Jb4Wi6lWFCKF3U9A3IGl43enOHMeWMBOQsT/x6F3mafKKoLGvOp8FcuD0dxjJlLjiin+SiImTc4dlnEPWhrJ0CyFv7IDQBwxgsu1a1fghtcyY1gzck+s2LIiAyzzHSSFPnt4cUbRuTqEPdS+EXGsDwnHprzZL3dm5tMobpnaLzsG6Hq7FBn your_email@example.com"
                        },
                        "meta": {
                            "schema_version": "1"
                        },
                        "tainted": false
                    },
                    "deposed": [],
                    "provider": "module.vpc.provider.aws"
                },
                "aws_vpc.vpc": {
                    "type": "aws_vpc",
                    "depends_on": [],
                    "primary": {
                        "id": "vpc-0c668f68615ec63e0",
                        "attributes": {
                            "arn": "arn:aws:ec2:us-east-1:931733775016:vpc/vpc-0c668f68615ec63e0",
                            "assign_generated_ipv6_cidr_block": "false",
                            "cidr_block": "172.18.0.0/18",
                            "default_network_acl_id": "acl-04c7cb6010b800874",
                            "default_route_table_id": "rtb-0ae3e1794aa879a33",
                            "default_security_group_id": "sg-0d69817e39ad020f9",
                            "dhcp_options_id": "dopt-2899824a",
                            "enable_classiclink": "false",
                            "enable_classiclink_dns_support": "false",
                            "enable_dns_hostnames": "true",
                            "enable_dns_support": "true",
                            "id": "vpc-0c668f68615ec63e0",
                            "instance_tenancy": "default",
                            "ipv6_association_id": "",
                            "ipv6_cidr_block": "",
                            "main_route_table_id": "rtb-0ae3e1794aa879a33",
                            "owner_id": "931733775016",
                            "tags.%": "1",
                            "tags.Name": "cloudschool-vpc"
                        },
                        "meta": {
                            "schema_version": "1"
                        },
                        "tainted": false
                    },
                    "deposed": [],
                    "provider": "module.vpc.provider.aws"
                }
            },
            "depends_on": []
        }
    ]
}
